# This file is automatically @generated by Cargo.
# It is not intended for manual editing.
version = 3

[[package]]
name = "aoc2024"
version = "0.1.0"
dependencies = [
 "bit-vec",
 "fxhash",
 "glam",
 "smallvec",
]

[[package]]
name = "bit-vec"
version = "0.8.0"
source = "registry+https://github.com/rust-lang/crates.io-index"
checksum = "5e764a1d40d510daf35e07be9eb06e75770908c27d411ee6c92109c9840eaaf7"

[[package]]
name = "byteorder"
version = "1.5.0"
source = "registry+https://github.com/rust-lang/crates.io-index"
checksum = "1fd0f2584146f6f2ef48085050886acf353beff7305ebd1ae69500e27c67f64b"

[[package]]
name = "fxhash"
version = "0.2.1"
source = "registry+https://github.com/rust-lang/crates.io-index"
checksum = "c31b6d751ae2c7f11320402d34e41349dd1016f8d5d45e48c4312bc8625af50c"
dependencies = [
 "byteorder",
]

[[package]]
name = "glam"
version = "0.29.2"
source = "registry+https://github.com/rust-lang/crates.io-index"
checksum = "dc46dd3ec48fdd8e693a98d2b8bafae273a2d54c1de02a2a7e3d57d501f39677"

[[package]]
name = "smallvec"
version = "1.13.2"
source = "registry+https://github.com/rust-lang/crates.io-index"
checksum = "3c5e1a9a646d36c3599cd173a41282daf47c44583ad367b8e6837255952e5c67"
